
Microsoft Visual Studio Solution File, Format Version 12.00
# Visual Studio Version 17
VisualStudioVersion = 17.6.33829.357
MinimumVisualStudioVersion = 10.0.40219.1
Project("{FAE04EC0-301F-11D3-BF4B-00C04F79EFBC}") = "iddaaAnalizProjesi", "iddaaAnalizProjesi\iddaaAnalizProjesi.csproj", "{BE0762D8-8C33-489E-9F87-BB9FC7D2755B}"
EndProject
Global
	GlobalSection(SolutionConfigurationPlatforms) = preSolution
		Debug|Any CPU = Debug|Any CPU
		Release|Any CPU = Release|Any CPU
	EndGlobalSection
	GlobalSection(ProjectConfigurationPlatforms) = postSolution
		{BE0762D8-8C33-489E-9F87-BB9FC7D2755B}.Debug|Any CPU.ActiveCfg = Debug|Any CPU
		{BE0762D8-8C33-489E-9F87-BB9FC7D2755B}.Debug|Any CPU.Build.0 = Debug|Any CPU
		{BE0762D8-8C33-489E-9F87-BB9FC7D2755B}.Release|Any CPU.ActiveCfg = Release|Any CPU
		{BE0762D8-8C33-489E-9F87-BB9FC7D2755B}.Release|Any CPU.Build.0 = Release|Any CPU
	EndGlobalSection
	GlobalSection(SolutionProperties) = preSolution
		HideSolutionNode = FALSE
	EndGlobalSection
	GlobalSection(ExtensibilityGlobals) = postSolution
		SolutionGuid = {98A4D72F-7F7E-4D1A-90FD-112185985C61}
	EndGlobalSection
EndGlobal
